
Microsoft Visual Studio Solution File, Format Version 12.00
# Visual Studio Version 16
VisualStudioVersion = 16.0.29728.190
MinimumVisualStudioVersion = 10.0.40219.1
Project("{FAE04EC0-301F-11D3-BF4B-00C04F79EFBC}") = "TCAssignment2", "TCAssignment2\TCAssignment2.csproj", "{889CEC08-5E84-4633-8619-24398DCC765F}"
EndProject
Global
	GlobalSection(SolutionConfigurationPlatforms) = preSolution
		Debug|Any CPU = Debug|Any CPU
		Release|Any CPU = Release|Any CPU
	EndGlobalSection
	GlobalSection(ProjectConfigurationPlatforms) = postSolution
		{889CEC08-5E84-4633-8619-24398DCC765F}.Debug|Any CPU.ActiveCfg = Debug|Any CPU
		{889CEC08-5E84-4633-8619-24398DCC765F}.Debug|Any CPU.Build.0 = Debug|Any CPU
		{889CEC08-5E84-4633-8619-24398DCC765F}.Release|Any CPU.ActiveCfg = Release|Any CPU
		{889CEC08-5E84-4633-8619-24398DCC765F}.Release|Any CPU.Build.0 = Release|Any CPU
	EndGlobalSection
	GlobalSection(SolutionProperties) = preSolution
		HideSolutionNode = FALSE
	EndGlobalSection
	GlobalSection(ExtensibilityGlobals) = postSolution
		SolutionGuid = {3569FEB8-27C6-4217-8EC6-8EF894C9801D}
	EndGlobalSection
EndGlobal
